
Microsoft Visual Studio Solution File, Format Version 12.00
# Visual Studio Version 17
VisualStudioVersion = 17.6.33829.357
MinimumVisualStudioVersion = 10.0.40219.1
Project("{FAE04EC0-301F-11D3-BF4B-00C04F79EFBC}") = "moneysender", "moneysender\moneysender.csproj", "{80985DC5-BDBD-42D7-ADFE-40B823CD9249}"
EndProject
Global
	GlobalSection(SolutionConfigurationPlatforms) = preSolution
		Debug|Any CPU = Debug|Any CPU
		Release|Any CPU = Release|Any CPU
	EndGlobalSection
	GlobalSection(ProjectConfigurationPlatforms) = postSolution
		{80985DC5-BDBD-42D7-ADFE-40B823CD9249}.Debug|Any CPU.ActiveCfg = Debug|Any CPU
		{80985DC5-BDBD-42D7-ADFE-40B823CD9249}.Debug|Any CPU.Build.0 = Debug|Any CPU
		{80985DC5-BDBD-42D7-ADFE-40B823CD9249}.Release|Any CPU.ActiveCfg = Release|Any CPU
		{80985DC5-BDBD-42D7-ADFE-40B823CD9249}.Release|Any CPU.Build.0 = Release|Any CPU
	EndGlobalSection
	GlobalSection(SolutionProperties) = preSolution
		HideSolutionNode = FALSE
	EndGlobalSection
	GlobalSection(ExtensibilityGlobals) = postSolution
		SolutionGuid = {AFED0437-F2AF-4A51-ACD3-B920B8BCC96F}
	EndGlobalSection
EndGlobal
